
Microsoft Visual Studio Solution File, Format Version 12.00
# Visual Studio 15
VisualStudioVersion = 15.0.28010.2048
MinimumVisualStudioVersion = 10.0.40219.1
Project("{9A19103F-16F7-4668-BE54-9A1E7A4F7556}") = "Ecas.Dyn365.CAS.ScheduledJob", "Ecas.Dyn365.CAS.ScheduledJob\Ecas.Dyn365.CAS.ScheduledJob.csproj", "{052DD359-8C61-415F-9E1F-FF2E1A243762}"
EndProject
Project("{FAE04EC0-301F-11D3-BF4B-00C04F79EFBC}") = "Ecas.Dyn365.CASIntegration.Plugin", "Ecas.Dyn365.CASIntegration.Plugin\Ecas.Dyn365.CASIntegration.Plugin.csproj", "{3DDF38CE-2D95-4FF7-A93D-32B4009F7565}"
EndProject
Project("{FAE04EC0-301F-11D3-BF4B-00C04F79EFBC}") = "Ecas.Dyn365.CASIntegration.Workflows", "Ecas.Dyn365.CASIntegration.Workflows\Ecas.Dyn365.CASIntegration.Workflows.csproj", "{766127C5-78CC-40F4-B38A-7D7464DD7608}"
EndProject
Global
	GlobalSection(SolutionConfigurationPlatforms) = preSolution
		Debug|Any CPU = Debug|Any CPU
		Release|Any CPU = Release|Any CPU
	EndGlobalSection
	GlobalSection(ProjectConfigurationPlatforms) = postSolution
		{052DD359-8C61-415F-9E1F-FF2E1A243762}.Debug|Any CPU.ActiveCfg = Debug|Any CPU
		{052DD359-8C61-415F-9E1F-FF2E1A243762}.Debug|Any CPU.Build.0 = Debug|Any CPU
		{052DD359-8C61-415F-9E1F-FF2E1A243762}.Release|Any CPU.ActiveCfg = Release|Any CPU
		{052DD359-8C61-415F-9E1F-FF2E1A243762}.Release|Any CPU.Build.0 = Release|Any CPU
		{3DDF38CE-2D95-4FF7-A93D-32B4009F7565}.Debug|Any CPU.ActiveCfg = Debug|Any CPU
		{3DDF38CE-2D95-4FF7-A93D-32B4009F7565}.Debug|Any CPU.Build.0 = Debug|Any CPU
		{3DDF38CE-2D95-4FF7-A93D-32B4009F7565}.Release|Any CPU.ActiveCfg = Release|Any CPU
		{3DDF38CE-2D95-4FF7-A93D-32B4009F7565}.Release|Any CPU.Build.0 = Release|Any CPU
		{766127C5-78CC-40F4-B38A-7D7464DD7608}.Debug|Any CPU.ActiveCfg = Debug|Any CPU
		{766127C5-78CC-40F4-B38A-7D7464DD7608}.Debug|Any CPU.Build.0 = Debug|Any CPU
		{766127C5-78CC-40F4-B38A-7D7464DD7608}.Release|Any CPU.ActiveCfg = Release|Any CPU
		{766127C5-78CC-40F4-B38A-7D7464DD7608}.Release|Any CPU.Build.0 = Release|Any CPU
	EndGlobalSection
	GlobalSection(SolutionProperties) = preSolution
		HideSolutionNode = FALSE
	EndGlobalSection
	GlobalSection(ExtensibilityGlobals) = postSolution
		SolutionGuid = {38E9B392-FE6B-4A21-9FBD-3C62B8886AC1}
	EndGlobalSection
	GlobalSection(CRMSolutionProperties) = preSolution
		SolutionIsBoundToCRM = True
	EndGlobalSection
EndGlobal
